// !$*UTF8*$!
{
	archiveVersion = 1;
	classes = {
	};
	objectVersion = 48;
	objects = {

/* Begin PBXBuildFile section */
		4380FFEA291D361E69BA4444 /* Pods_XueChu.framework in Frameworks */ = {isa = PBXBuildFile; fileRef = 845964F6A271315D7718F4B3 /* Pods_XueChu.framework */; settings = {ATTRIBUTES = (Required, ); }; };
		64173F1E1FFB6AE800DA388E /* AppDelegate.m in Sources */ = {isa = PBXBuildFile; fileRef = 64173F1C1FFB6AE800DA388E /* AppDelegate.m */; };
		64173F311FFB7E9A00DA388E /* Debug.xcconfig in Resources */ = {isa = PBXBuildFile; fileRef = 64173F2E1FFB7E9A00DA388E /* Debug.xcconfig */; };
		64173F321FFB7E9A00DA388E /* Generator.xcconfig in Resources */ = {isa = PBXBuildFile; fileRef = 64173F2F1FFB7E9A00DA388E /* Generator.xcconfig */; };
		64173F331FFB7E9A00DA388E /* Release.xcconfig in Resources */ = {isa = PBXBuildFile; fileRef = 64173F301FFB7E9A00DA388E /* Release.xcconfig */; };
		643980851FFB6789000B0EB3 /* Assets.xcassets in Resources */ = {isa = PBXBuildFile; fileRef = 643980841FFB6789000B0EB3 /* Assets.xcassets */; };
		6439808B1FFB6789000B0EB3 /* main.m in Sources */ = {isa = PBXBuildFile; fileRef = 6439808A1FFB6789000B0EB3 /* main.m */; };
		643980951FFB6789000B0EB3 /* XueChuTests.m in Sources */ = {isa = PBXBuildFile; fileRef = 643980941FFB6789000B0EB3 /* XueChuTests.m */; };
		643980A01FFB6789000B0EB3 /* XueChuUITests.m in Sources */ = {isa = PBXBuildFile; fileRef = 6439809F1FFB6789000B0EB3 /* XueChuUITests.m */; };
		64789ECA1FFCA69D007B6FF6 /* NetWorkEngine.m in Sources */ = {isa = PBXBuildFile; fileRef = 64789EC91FFCA69D007B6FF6 /* NetWorkEngine.m */; };
		64789ECD1FFCAB56007B6FF6 /* LoginController.m in Sources */ = {isa = PBXBuildFile; fileRef = 64789ECC1FFCAB56007B6FF6 /* LoginController.m */; };
		64789ED01FFCAE24007B6FF6 /* LoginMainView.m in Sources */ = {isa = PBXBuildFile; fileRef = 64789ECF1FFCAE24007B6FF6 /* LoginMainView.m */; };
		64CAAF261FFC68CE0084DE0B /* BaseNavigationController.m in Sources */ = {isa = PBXBuildFile; fileRef = 64CAAF251FFC68CD0084DE0B /* BaseNavigationController.m */; };
		64CAAF291FFC6A640084DE0B /* CustomTaBarController.m in Sources */ = {isa = PBXBuildFile; fileRef = 64CAAF281FFC6A640084DE0B /* CustomTaBarController.m */; };
		64CAAF2C1FFC6A9A0084DE0B /* CookBookController.m in Sources */ = {isa = PBXBuildFile; fileRef = 64CAAF2B1FFC6A9A0084DE0B /* CookBookController.m */; };
		64CAAF2F1FFC6AA90084DE0B /* FindController.m in Sources */ = {isa = PBXBuildFile; fileRef = 64CAAF2E1FFC6AA90084DE0B /* FindController.m */; };
		64CAAF321FFC6AB40084DE0B /* MineController.m in Sources */ = {isa = PBXBuildFile; fileRef = 64CAAF311FFC6AB40084DE0B /* MineController.m */; };
		64CAAF351FFC6ABF0084DE0B /* CategoryController.m in Sources */ = {isa = PBXBuildFile; fileRef = 64CAAF341FFC6ABF0084DE0B /* CategoryController.m */; };
		64CAAF5A1FFC79310084DE0B /* CustomTextAttachment.m in Sources */ = {isa = PBXBuildFile; fileRef = 64CAAF381FFC79300084DE0B /* CustomTextAttachment.m */; };
		64CAAF5B1FFC79310084DE0B /* NSDate+Extra.m in Sources */ = {isa = PBXBuildFile; fileRef = 64CAAF3C1FFC79300084DE0B /* NSDate+Extra.m */; };
		64CAAF5C1FFC79310084DE0B /* NSDictionary+Extra.m in Sources */ = {isa = PBXBuildFile; fileRef = 64CAAF3E1FFC79300084DE0B /* NSDictionary+Extra.m */; };
		64CAAF5D1FFC79310084DE0B /* NSString+Extra.m in Sources */ = {isa = PBXBuildFile; fileRef = 64CAAF401FFC79300084DE0B /* NSString+Extra.m */; };
		64CAAF5F1FFC79310084DE0B /* NotificationNameDefine.m in Sources */ = {isa = PBXBuildFile; fileRef = 64CAAF441FFC79300084DE0B /* NotificationNameDefine.m */; };
		64CAAF601FFC79310084DE0B /* NSString+Util.m in Sources */ = {isa = PBXBuildFile; fileRef = 64CAAF461FFC79300084DE0B /* NSString+Util.m */; };
		64CAAF641FFC79310084DE0B /* UIColor+Extra.m in Sources */ = {isa = PBXBuildFile; fileRef = 64CAAF501FFC79300084DE0B /* UIColor+Extra.m */; };
		64CAAF651FFC79310084DE0B /* UIImage+Extra.m in Sources */ = {isa = PBXBuildFile; fileRef = 64CAAF521FFC79300084DE0B /* UIImage+Extra.m */; };
		64CAAF661FFC79310084DE0B /* UITextView+Placeholder.m in Sources */ = {isa = PBXBuildFile; fileRef = 64CAAF551FFC79300084DE0B /* UITextView+Placeholder.m */; };
		64CAAF671FFC79310084DE0B /* UIView+Extra.m in Sources */ = {isa = PBXBuildFile; fileRef = 64CAAF571FFC79300084DE0B /* UIView+Extra.m */; };
		64CAAF681FFC79310084DE0B /* UIView+Utils.m in Sources */ = {isa = PBXBuildFile; fileRef = 64CAAF591FFC79300084DE0B /* UIView+Utils.m */; };
		64CAAF6E1FFC7B000084DE0B /* BaseModel.m in Sources */ = {isa = PBXBuildFile; fileRef = 64CAAF6D1FFC7B000084DE0B /* BaseModel.m */; };
		64EF422B1FFB928600AAB7E1 /* BaseController.m in Sources */ = {isa = PBXBuildFile; fileRef = 64EF422A1FFB928600AAB7E1 /* BaseController.m */; };
		64EF42311FFB933F00AAB7E1 /* BaseView.m in Sources */ = {isa = PBXBuildFile; fileRef = 64EF42301FFB933F00AAB7E1 /* BaseView.m */; };
		64EF42341FFB935500AAB7E1 /* BaseTableView.m in Sources */ = {isa = PBXBuildFile; fileRef = 64EF42331FFB935500AAB7E1 /* BaseTableView.m */; };
		64EF423A1FFB939A00AAB7E1 /* BaseTableViewCell.m in Sources */ = {isa = PBXBuildFile; fileRef = 64EF42391FFB939A00AAB7E1 /* BaseTableViewCell.m */; };
/* End PBXBuildFile section */

/* Begin PBXContainerItemProxy section */
		643980911FFB6789000B0EB3 /* PBXContainerItemProxy */ = {
			isa = PBXContainerItemProxy;
			containerPortal = 643980701FFB6789000B0EB3 /* Project object */;
			proxyType = 1;
			remoteGlobalIDString = 643980771FFB6789000B0EB3;
			remoteInfo = XueChu;
		};
		6439809C1FFB6789000B0EB3 /* PBXContainerItemProxy */ = {
			isa = PBXContainerItemProxy;
			containerPortal = 643980701FFB6789000B0EB3 /* Project object */;
			proxyType = 1;
			remoteGlobalIDString = 643980771FFB6789000B0EB3;
			remoteInfo = XueChu;
		};
/* End PBXContainerItemProxy section */

/* Begin PBXFileReference section */
		64173F1B1FFB6AE800DA388E /* AppDelegate.h */ = {isa = PBXFileReference; fileEncoding = 4; lastKnownFileType = sourcecode.c.h; path = AppDelegate.h; sourceTree = "<group>"; };
		64173F1C1FFB6AE800DA388E /* AppDelegate.m */ = {isa = PBXFileReference; fileEncoding = 4; lastKnownFileType = sourcecode.c.objc; path = AppDelegate.m; sourceTree = "<group>"; };
		64173F2E1FFB7E9A00DA388E /* Debug.xcconfig */ = {isa = PBXFileReference; fileEncoding = 4; lastKnownFileType = text.xcconfig; path = Debug.xcconfig; sourceTree = "<group>"; };
		64173F2F1FFB7E9A00DA388E /* Generator.xcconfig */ = {isa = PBXFileReference; fileEncoding = 4; lastKnownFileType = text.xcconfig; path = Generator.xcconfig; sourceTree = "<group>"; };
		64173F301FFB7E9A00DA388E /* Release.xcconfig */ = {isa = PBXFileReference; fileEncoding = 4; lastKnownFileType = text.xcconfig; path = Release.xcconfig; sourceTree = "<group>"; };
		643980781FFB6789000B0EB3 /* XueChu.app */ = {isa = PBXFileReference; explicitFileType = wrapper.application; includeInIndex = 0; path = XueChu.app; sourceTree = BUILT_PRODUCTS_DIR; };
		643980841FFB6789000B0EB3 /* Assets.xcassets */ = {isa = PBXFileReference; lastKnownFileType = folder.assetcatalog; path = Assets.xcassets; sourceTree = "<group>"; };
		643980891FFB6789000B0EB3 /* Info.plist */ = {isa = PBXFileReference; lastKnownFileType = text.plist.xml; path = Info.plist; sourceTree = "<group>"; };
		6439808A1FFB6789000B0EB3 /* main.m */ = {isa = PBXFileReference; lastKnownFileType = sourcecode.c.objc; path = main.m; sourceTree = "<group>"; };
		643980901FFB6789000B0EB3 /* XueChuTests.xctest */ = {isa = PBXFileReference; explicitFileType = wrapper.cfbundle; includeInIndex = 0; path = XueChuTests.xctest; sourceTree = BUILT_PRODUCTS_DIR; };
		643980941FFB6789000B0EB3 /* XueChuTests.m */ = {isa = PBXFileReference; lastKnownFileType = sourcecode.c.objc; path = XueChuTests.m; sourceTree = "<group>"; };
		643980961FFB6789000B0EB3 /* Info.plist */ = {isa = PBXFileReference; lastKnownFileType = text.plist.xml; path = Info.plist; sourceTree = "<group>"; };
		6439809B1FFB6789000B0EB3 /* XueChuUITests.xctest */ = {isa = PBXFileReference; explicitFileType = wrapper.cfbundle; includeInIndex = 0; path = XueChuUITests.xctest; sourceTree = BUILT_PRODUCTS_DIR; };
		6439809F1FFB6789000B0EB3 /* XueChuUITests.m */ = {isa = PBXFileReference; lastKnownFileType = sourcecode.c.objc; path = XueChuUITests.m; sourceTree = "<group>"; };
		643980A11FFB6789000B0EB3 /* Info.plist */ = {isa = PBXFileReference; lastKnownFileType = text.plist.xml; path = Info.plist; sourceTree = "<group>"; };
		64789EC71FFCA68D007B6FF6 /* CommonUtility.h */ = {isa = PBXFileReference; fileEncoding = 4; lastKnownFileType = sourcecode.c.h; path = CommonUtility.h; sourceTree = "<group>"; };
		64789EC81FFCA69D007B6FF6 /* NetWorkEngine.h */ = {isa = PBXFileReference; fileEncoding = 4; lastKnownFileType = sourcecode.c.h; path = NetWorkEngine.h; sourceTree = "<group>"; };
		64789EC91FFCA69D007B6FF6 /* NetWorkEngine.m */ = {isa = PBXFileReference; fileEncoding = 4; lastKnownFileType = sourcecode.c.objc; path = NetWorkEngine.m; sourceTree = "<group>"; };
		64789ECB1FFCAB56007B6FF6 /* LoginController.h */ = {isa = PBXFileReference; lastKnownFileType = sourcecode.c.h; path = LoginController.h; sourceTree = "<group>"; };
		64789ECC1FFCAB56007B6FF6 /* LoginController.m */ = {isa = PBXFileReference; lastKnownFileType = sourcecode.c.objc; path = LoginController.m; sourceTree = "<group>"; };
		64789ECE1FFCAE24007B6FF6 /* LoginMainView.h */ = {isa = PBXFileReference; lastKnownFileType = sourcecode.c.h; path = LoginMainView.h; sourceTree = "<group>"; };
		64789ECF1FFCAE24007B6FF6 /* LoginMainView.m */ = {isa = PBXFileReference; lastKnownFileType = sourcecode.c.objc; path = LoginMainView.m; sourceTree = "<group>"; };
		64CAAF221FFC64840084DE0B /* PrefixHeader.pch */ = {isa = PBXFileReference; lastKnownFileType = sourcecode.c.h; path = PrefixHeader.pch; sourceTree = "<group>"; };
		64CAAF241FFC68CD0084DE0B /* BaseNavigationController.h */ = {isa = PBXFileReference; fileEncoding = 4; lastKnownFileType = sourcecode.c.h; path = BaseNavigationController.h; sourceTree = "<group>"; };
		64CAAF251FFC68CD0084DE0B /* BaseNavigationController.m */ = {isa = PBXFileReference; fileEncoding = 4; lastKnownFileType = sourcecode.c.objc; path = BaseNavigationController.m; sourceTree = "<group>"; };
		64CAAF271FFC6A640084DE0B /* CustomTaBarController.h */ = {isa = PBXFileReference; lastKnownFileType = sourcecode.c.h; path = CustomTaBarController.h; sourceTree = "<group>"; };
		64CAAF281FFC6A640084DE0B /* CustomTaBarController.m */ = {isa = PBXFileReference; lastKnownFileType = sourcecode.c.objc; path = CustomTaBarController.m; sourceTree = "<group>"; };
		64CAAF2A1FFC6A9A0084DE0B /* CookBookController.h */ = {isa = PBXFileReference; lastKnownFileType = sourcecode.c.h; path = CookBookController.h; sourceTree = "<group>"; };
		64CAAF2B1FFC6A9A0084DE0B /* CookBookController.m */ = {isa = PBXFileReference; lastKnownFileType = sourcecode.c.objc; path = CookBookController.m; sourceTree = "<group>"; };
		64CAAF2D1FFC6AA90084DE0B /* FindController.h */ = {isa = PBXFileReference; lastKnownFileType = sourcecode.c.h; path = FindController.h; sourceTree = "<group>"; };
		64CAAF2E1FFC6AA90084DE0B /* FindController.m */ = {isa = PBXFileReference; lastKnownFileType = sourcecode.c.objc; path = FindController.m; sourceTree = "<group>"; };
		64CAAF301FFC6AB40084DE0B /* MineController.h */ = {isa = PBXFileReference; lastKnownFileType = sourcecode.c.h; path = MineController.h; sourceTree = "<group>"; };
		64CAAF311FFC6AB40084DE0B /* MineController.m */ = {isa = PBXFileReference; lastKnownFileType = sourcecode.c.objc; path = MineController.m; sourceTree = "<group>"; };
		64CAAF331FFC6ABF0084DE0B /* CategoryController.h */ = {isa = PBXFileReference; lastKnownFileType = sourcecode.c.h; path = CategoryController.h; sourceTree = "<group>"; };
		64CAAF341FFC6ABF0084DE0B /* CategoryController.m */ = {isa = PBXFileReference; lastKnownFileType = sourcecode.c.objc; path = CategoryController.m; sourceTree = "<group>"; };
		64CAAF371FFC79300084DE0B /* CustomTextAttachment.h */ = {isa = PBXFileReference; fileEncoding = 4; lastKnownFileType = sourcecode.c.h; path = CustomTextAttachment.h; sourceTree = "<group>"; };
		64CAAF381FFC79300084DE0B /* CustomTextAttachment.m */ = {isa = PBXFileReference; fileEncoding = 4; lastKnownFileType = sourcecode.c.objc; path = CustomTextAttachment.m; sourceTree = "<group>"; };
		64CAAF3A1FFC79300084DE0B /* Foundation+Extra.h */ = {isa = PBXFileReference; fileEncoding = 4; lastKnownFileType = sourcecode.c.h; path = "Foundation+Extra.h"; sourceTree = "<group>"; };
		64CAAF3B1FFC79300084DE0B /* NSDate+Extra.h */ = {isa = PBXFileReference; fileEncoding = 4; lastKnownFileType = sourcecode.c.h; path = "NSDate+Extra.h"; sourceTree = "<group>"; };
		64CAAF3C1FFC79300084DE0B /* NSDate+Extra.m */ = {isa = PBXFileReference; fileEncoding = 4; lastKnownFileType = sourcecode.c.objc; path = "NSDate+Extra.m"; sourceTree = "<group>"; };
		64CAAF3D1FFC79300084DE0B /* NSDictionary+Extra.h */ = {isa = PBXFileReference; fileEncoding = 4; lastKnownFileType = sourcecode.c.h; path = "NSDictionary+Extra.h"; sourceTree = "<group>"; };
		64CAAF3E1FFC79300084DE0B /* NSDictionary+Extra.m */ = {isa = PBXFileReference; fileEncoding = 4; lastKnownFileType = sourcecode.c.objc; path = "NSDictionary+Extra.m"; sourceTree = "<group>"; };
		64CAAF3F1FFC79300084DE0B /* NSString+Extra.h */ = {isa = PBXFileReference; fileEncoding = 4; lastKnownFileType = sourcecode.c.h; path = "NSString+Extra.h"; sourceTree = "<group>"; };
		64CAAF401FFC79300084DE0B /* NSString+Extra.m */ = {isa = PBXFileReference; fileEncoding = 4; lastKnownFileType = sourcecode.c.objc; path = "NSString+Extra.m"; sourceTree = "<group>"; };
		64CAAF431FFC79300084DE0B /* NotificationNameDefine.h */ = {isa = PBXFileReference; fileEncoding = 4; lastKnownFileType = sourcecode.c.h; path = NotificationNameDefine.h; sourceTree = "<group>"; };
		64CAAF441FFC79300084DE0B /* NotificationNameDefine.m */ = {isa = PBXFileReference; fileEncoding = 4; lastKnownFileType = sourcecode.c.objc; path = NotificationNameDefine.m; sourceTree = "<group>"; };
		64CAAF451FFC79300084DE0B /* NSString+Util.h */ = {isa = PBXFileReference; fileEncoding = 4; lastKnownFileType = sourcecode.c.h; path = "NSString+Util.h"; sourceTree = "<group>"; };
		64CAAF461FFC79300084DE0B /* NSString+Util.m */ = {isa = PBXFileReference; fileEncoding = 4; lastKnownFileType = sourcecode.c.objc; path = "NSString+Util.m"; sourceTree = "<group>"; };
		64CAAF4B1FFC79300084DE0B /* SystemTypeDef.h */ = {isa = PBXFileReference; fileEncoding = 4; lastKnownFileType = sourcecode.c.h; path = SystemTypeDef.h; sourceTree = "<group>"; };
		64CAAF4F1FFC79300084DE0B /* UIColor+Extra.h */ = {isa = PBXFileReference; fileEncoding = 4; lastKnownFileType = sourcecode.c.h; path = "UIColor+Extra.h"; sourceTree = "<group>"; };
		64CAAF501FFC79300084DE0B /* UIColor+Extra.m */ = {isa = PBXFileReference; fileEncoding = 4; lastKnownFileType = sourcecode.c.objc; path = "UIColor+Extra.m"; sourceTree = "<group>"; };
		64CAAF511FFC79300084DE0B /* UIImage+Extra.h */ = {isa = PBXFileReference; fileEncoding = 4; lastKnownFileType = sourcecode.c.h; path = "UIImage+Extra.h"; sourceTree = "<group>"; };
		64CAAF521FFC79300084DE0B /* UIImage+Extra.m */ = {isa = PBXFileReference; fileEncoding = 4; lastKnownFileType = sourcecode.c.objc; path = "UIImage+Extra.m"; sourceTree = "<group>"; };
		64CAAF531FFC79300084DE0B /* UIKit+Extra.h */ = {isa = PBXFileReference; fileEncoding = 4; lastKnownFileType = sourcecode.c.h; path = "UIKit+Extra.h"; sourceTree = "<group>"; };
		64CAAF541FFC79300084DE0B /* UITextView+Placeholder.h */ = {isa = PBXFileReference; fileEncoding = 4; lastKnownFileType = sourcecode.c.h; path = "UITextView+Placeholder.h"; sourceTree = "<group>"; };
		64CAAF551FFC79300084DE0B /* UITextView+Placeholder.m */ = {isa = PBXFileReference; fileEncoding = 4; lastKnownFileType = sourcecode.c.objc; path = "UITextView+Placeholder.m"; sourceTree = "<group>"; };
		64CAAF561FFC79300084DE0B /* UIView+Extra.h */ = {isa = PBXFileReference; fileEncoding = 4; lastKnownFileType = sourcecode.c.h; path = "UIView+Extra.h"; sourceTree = "<group>"; };
		64CAAF571FFC79300084DE0B /* UIView+Extra.m */ = {isa = PBXFileReference; fileEncoding = 4; lastKnownFileType = sourcecode.c.objc; path = "UIView+Extra.m"; sourceTree = "<group>"; };
		64CAAF581FFC79300084DE0B /* UIView+Utils.h */ = {isa = PBXFileReference; fileEncoding = 4; lastKnownFileType = sourcecode.c.h; path = "UIView+Utils.h"; sourceTree = "<group>"; };
		64CAAF591FFC79300084DE0B /* UIView+Utils.m */ = {isa = PBXFileReference; fileEncoding = 4; lastKnownFileType = sourcecode.c.objc; path = "UIView+Utils.m"; sourceTree = "<group>"; };
		64CAAF691FFC79DD0084DE0B /* Global.h */ = {isa = PBXFileReference; lastKnownFileType = sourcecode.c.h; path = Global.h; sourceTree = "<group>"; };
		64CAAF6A1FFC7A230084DE0B /* API.h */ = {isa = PBXFileReference; lastKnownFileType = sourcecode.c.h; path = API.h; sourceTree = "<group>"; };
		64CAAF6C1FFC7B000084DE0B /* BaseModel.h */ = {isa = PBXFileReference; lastKnownFileType = sourcecode.c.h; path = BaseModel.h; sourceTree = "<group>"; };
		64CAAF6D1FFC7B000084DE0B /* BaseModel.m */ = {isa = PBXFileReference; lastKnownFileType = sourcecode.c.objc; path = BaseModel.m; sourceTree = "<group>"; };
		64EF42291FFB928600AAB7E1 /* BaseController.h */ = {isa = PBXFileReference; lastKnownFileType = sourcecode.c.h; path = BaseController.h; sourceTree = "<group>"; };
		64EF422A1FFB928600AAB7E1 /* BaseController.m */ = {isa = PBXFileReference; lastKnownFileType = sourcecode.c.objc; path = BaseController.m; sourceTree = "<group>"; };
		64EF422F1FFB933F00AAB7E1 /* BaseView.h */ = {isa = PBXFileReference; lastKnownFileType = sourcecode.c.h; path = BaseView.h; sourceTree = "<group>"; };
		64EF42301FFB933F00AAB7E1 /* BaseView.m */ = {isa = PBXFileReference; lastKnownFileType = sourcecode.c.objc; path = BaseView.m; sourceTree = "<group>"; };
		64EF42321FFB935500AAB7E1 /* BaseTableView.h */ = {isa = PBXFileReference; lastKnownFileType = sourcecode.c.h; path = BaseTableView.h; sourceTree = "<group>"; };
		64EF42331FFB935500AAB7E1 /* BaseTableView.m */ = {isa = PBXFileReference; lastKnownFileType = sourcecode.c.objc; path = BaseTableView.m; sourceTree = "<group>"; };
		64EF42381FFB939A00AAB7E1 /* BaseTableViewCell.h */ = {isa = PBXFileReference; lastKnownFileType = sourcecode.c.h; path = BaseTableViewCell.h; sourceTree = "<group>"; };
		64EF42391FFB939A00AAB7E1 /* BaseTableViewCell.m */ = {isa = PBXFileReference; lastKnownFileType = sourcecode.c.objc; path = BaseTableViewCell.m; sourceTree = "<group>"; };
		845964F6A271315D7718F4B3 /* Pods_XueChu.framework */ = {isa = PBXFileReference; explicitFileType = wrapper.framework; includeInIndex = 0; path = Pods_XueChu.framework; sourceTree = BUILT_PRODUCTS_DIR; };
		E83CE7BAB80B7B2FE7DD94E8 /* Pods-XueChu.release.xcconfig */ = {isa = PBXFileReference; includeInIndex = 1; lastKnownFileType = text.xcconfig; name = "Pods-XueChu.release.xcconfig"; path = "Pods/Target Support Files/Pods-XueChu/Pods-XueChu.release.xcconfig"; sourceTree = "<group>"; };
		F6CA28C57F01E3BA268150C1 /* Pods-XueChu.debug.xcconfig */ = {isa = PBXFileReference; includeInIndex = 1; lastKnownFileType = text.xcconfig; name = "Pods-XueChu.debug.xcconfig"; path = "Pods/Target Support Files/Pods-XueChu/Pods-XueChu.debug.xcconfig"; sourceTree = "<group>"; };
/* End PBXFileReference section */

/* Begin PBXFrameworksBuildPhase section */
		643980751FFB6789000B0EB3 /* Frameworks */ = {
			isa = PBXFrameworksBuildPhase;
			buildActionMask = 2147483647;
			files = (
				4380FFEA291D361E69BA4444 /* Pods_XueChu.framework in Frameworks */,
			);
			runOnlyForDeploymentPostprocessing = 0;
		};
		6439808D1FFB6789000B0EB3 /* Frameworks */ = {
			isa = PBXFrameworksBuildPhase;
			buildActionMask = 2147483647;
			files = (
			);
			runOnlyForDeploymentPostprocessing = 0;
		};
		643980981FFB6789000B0EB3 /* Frameworks */ = {
			isa = PBXFrameworksBuildPhase;
			buildActionMask = 2147483647;
			files = (
			);
			runOnlyForDeploymentPostprocessing = 0;
		};
/* End PBXFrameworksBuildPhase section */

/* Begin PBXGroup section */
		64173F1A1FFB6AE800DA388E /* Module */ = {
			isa = PBXGroup;
			children = (
				64CAAF221FFC64840084DE0B /* PrefixHeader.pch */,
				64CAAF691FFC79DD0084DE0B /* Global.h */,
				64CAAF6A1FFC7A230084DE0B /* API.h */,
				64173F1B1FFB6AE800DA388E /* AppDelegate.h */,
				64173F1C1FFB6AE800DA388E /* AppDelegate.m */,
				64EF42271FFB89D700AAB7E1 /* Base */,
				64CAAF231FFC68CD0084DE0B /* RootController */,
				64173F1D1FFB6AE800DA388E /* CommonModule */,
				64EF42431FFB946F00AAB7E1 /* CookBook */,
				64EF423F1FFB946F00AAB7E1 /* Category */,
				64EF42471FFB946F00AAB7E1 /* Find */,
				64EF423B1FFB946E00AAB7E1 /* Mine */,
			);
			path = Module;
			sourceTree = "<group>";
		};
		64173F1D1FFB6AE800DA388E /* CommonModule */ = {
			isa = PBXGroup;
			children = (
				64173F201FFB6B1F00DA388E /* Controller */,
				64173F1F1FFB6B1F00DA388E /* View */,
			);
			path = CommonModule;
			sourceTree = "<group>";
		};
		64173F1F1FFB6B1F00DA388E /* View */ = {
			isa = PBXGroup;
			children = (
				64789ECE1FFCAE24007B6FF6 /* LoginMainView.h */,
				64789ECF1FFCAE24007B6FF6 /* LoginMainView.m */,
			);
			path = View;
			sourceTree = "<group>";
		};
		64173F201FFB6B1F00DA388E /* Controller */ = {
			isa = PBXGroup;
			children = (
				64789ECB1FFCAB56007B6FF6 /* LoginController.h */,
				64789ECC1FFCAB56007B6FF6 /* LoginController.m */,
			);
			path = Controller;
			sourceTree = "<group>";
		};
		64173F2D1FFB7E6200DA388E /* EnvironmentManager */ = {
			isa = PBXGroup;
			children = (
				64173F2E1FFB7E9A00DA388E /* Debug.xcconfig */,
				64173F2F1FFB7E9A00DA388E /* Generator.xcconfig */,
				64173F301FFB7E9A00DA388E /* Release.xcconfig */,
			);
			path = EnvironmentManager;
			sourceTree = "<group>";
		};
		6439806F1FFB6789000B0EB3 = {
			isa = PBXGroup;
			children = (
				6439807A1FFB6789000B0EB3 /* XueChu */,
				643980931FFB6789000B0EB3 /* XueChuTests */,
				6439809E1FFB6789000B0EB3 /* XueChuUITests */,
				643980791FFB6789000B0EB3 /* Products */,
				6744D555C818A50A1E7AACB4 /* Pods */,
				6A4C1FEACD7FAABB796E21D6 /* Frameworks */,
			);
			sourceTree = "<group>";
		};
		643980791FFB6789000B0EB3 /* Products */ = {
			isa = PBXGroup;
			children = (
				643980781FFB6789000B0EB3 /* XueChu.app */,
				643980901FFB6789000B0EB3 /* XueChuTests.xctest */,
				6439809B1FFB6789000B0EB3 /* XueChuUITests.xctest */,
			);
			name = Products;
			sourceTree = "<group>";
		};
		6439807A1FFB6789000B0EB3 /* XueChu */ = {
			isa = PBXGroup;
			children = (
				64173F2D1FFB7E6200DA388E /* EnvironmentManager */,
				64EF42281FFB89E200AAB7E1 /* Component */,
				64CAAF361FFC79300084DE0B /* Utils */,
				64CAAF6B1FFC7AE90084DE0B /* NetWork */,
				64173F1A1FFB6AE800DA388E /* Module */,
				6439808A1FFB6789000B0EB3 /* main.m */,
				643980891FFB6789000B0EB3 /* Info.plist */,
				643980841FFB6789000B0EB3 /* Assets.xcassets */,
			);
			path = XueChu;
			sourceTree = "<group>";
		};
		643980931FFB6789000B0EB3 /* XueChuTests */ = {
			isa = PBXGroup;
			children = (
				643980941FFB6789000B0EB3 /* XueChuTests.m */,
				643980961FFB6789000B0EB3 /* Info.plist */,
			);
			path = XueChuTests;
			sourceTree = "<group>";
		};
		6439809E1FFB6789000B0EB3 /* XueChuUITests */ = {
			isa = PBXGroup;
			children = (
				6439809F1FFB6789000B0EB3 /* XueChuUITests.m */,
				643980A11FFB6789000B0EB3 /* Info.plist */,
			);
			path = XueChuUITests;
			sourceTree = "<group>";
		};
		64CAAF231FFC68CD0084DE0B /* RootController */ = {
			isa = PBXGroup;
			children = (
				64CAAF241FFC68CD0084DE0B /* BaseNavigationController.h */,
				64CAAF251FFC68CD0084DE0B /* BaseNavigationController.m */,
				64CAAF271FFC6A640084DE0B /* CustomTaBarController.h */,
				64CAAF281FFC6A640084DE0B /* CustomTaBarController.m */,
			);
			path = RootController;
			sourceTree = "<group>";
		};
		64CAAF361FFC79300084DE0B /* Utils */ = {
			isa = PBXGroup;
			children = (
				64789EC71FFCA68D007B6FF6 /* CommonUtility.h */,
				64CAAF371FFC79300084DE0B /* CustomTextAttachment.h */,
				64CAAF381FFC79300084DE0B /* CustomTextAttachment.m */,
				64CAAF391FFC79300084DE0B /* Foundation+Extra */,
				64CAAF431FFC79300084DE0B /* NotificationNameDefine.h */,
				64CAAF441FFC79300084DE0B /* NotificationNameDefine.m */,
				64CAAF4B1FFC79300084DE0B /* SystemTypeDef.h */,
				64CAAF4E1FFC79300084DE0B /* UIKit+Extra */,
			);
			path = Utils;
			sourceTree = "<group>";
		};
		64CAAF391FFC79300084DE0B /* Foundation+Extra */ = {
			isa = PBXGroup;
			children = (
				64CAAF3A1FFC79300084DE0B /* Foundation+Extra.h */,
				64CAAF3B1FFC79300084DE0B /* NSDate+Extra.h */,
				64CAAF3C1FFC79300084DE0B /* NSDate+Extra.m */,
				64CAAF3D1FFC79300084DE0B /* NSDictionary+Extra.h */,
				64CAAF3E1FFC79300084DE0B /* NSDictionary+Extra.m */,
				64CAAF3F1FFC79300084DE0B /* NSString+Extra.h */,
				64CAAF401FFC79300084DE0B /* NSString+Extra.m */,
				64CAAF451FFC79300084DE0B /* NSString+Util.h */,
				64CAAF461FFC79300084DE0B /* NSString+Util.m */,
			);
			path = "Foundation+Extra";
			sourceTree = "<group>";
		};
		64CAAF4E1FFC79300084DE0B /* UIKit+Extra */ = {
			isa = PBXGroup;
			children = (
				64CAAF531FFC79300084DE0B /* UIKit+Extra.h */,
				64CAAF581FFC79300084DE0B /* UIView+Utils.h */,
				64CAAF591FFC79300084DE0B /* UIView+Utils.m */,
				64CAAF4F1FFC79300084DE0B /* UIColor+Extra.h */,
				64CAAF501FFC79300084DE0B /* UIColor+Extra.m */,
				64CAAF511FFC79300084DE0B /* UIImage+Extra.h */,
				64CAAF521FFC79300084DE0B /* UIImage+Extra.m */,
				64CAAF541FFC79300084DE0B /* UITextView+Placeholder.h */,
				64CAAF551FFC79300084DE0B /* UITextView+Placeholder.m */,
				64CAAF561FFC79300084DE0B /* UIView+Extra.h */,
				64CAAF571FFC79300084DE0B /* UIView+Extra.m */,
			);
			path = "UIKit+Extra";
			sourceTree = "<group>";
		};
		64CAAF6B1FFC7AE90084DE0B /* NetWork */ = {
			isa = PBXGroup;
			children = (
				64789EC81FFCA69D007B6FF6 /* NetWorkEngine.h */,
				64789EC91FFCA69D007B6FF6 /* NetWorkEngine.m */,
			);
			path = NetWork;
			sourceTree = "<group>";
		};
		64EF42271FFB89D700AAB7E1 /* Base */ = {
			isa = PBXGroup;
			children = (
				64EF42291FFB928600AAB7E1 /* BaseController.h */,
				64EF422A1FFB928600AAB7E1 /* BaseController.m */,
				64EF422F1FFB933F00AAB7E1 /* BaseView.h */,
				64EF42301FFB933F00AAB7E1 /* BaseView.m */,
				64EF42321FFB935500AAB7E1 /* BaseTableView.h */,
				64EF42331FFB935500AAB7E1 /* BaseTableView.m */,
				64EF42381FFB939A00AAB7E1 /* BaseTableViewCell.h */,
				64EF42391FFB939A00AAB7E1 /* BaseTableViewCell.m */,
				64CAAF6C1FFC7B000084DE0B /* BaseModel.h */,
				64CAAF6D1FFC7B000084DE0B /* BaseModel.m */,
			);
			path = Base;
			sourceTree = "<group>";
		};
		64EF42281FFB89E200AAB7E1 /* Component */ = {
			isa = PBXGroup;
			children = (
			);
			path = Component;
			sourceTree = "<group>";
		};
		64EF423B1FFB946E00AAB7E1 /* Mine */ = {
			isa = PBXGroup;
			children = (
				64EF423C1FFB946E00AAB7E1 /* Controller */,
				64EF423D1FFB946E00AAB7E1 /* Model */,
				64EF423E1FFB946E00AAB7E1 /* View */,
			);
			path = Mine;
			sourceTree = "<group>";
		};
		64EF423C1FFB946E00AAB7E1 /* Controller */ = {
			isa = PBXGroup;
			children = (
				64CAAF301FFC6AB40084DE0B /* MineController.h */,
				64CAAF311FFC6AB40084DE0B /* MineController.m */,
			);
			path = Controller;
			sourceTree = "<group>";
		};
		64EF423D1FFB946E00AAB7E1 /* Model */ = {
			isa = PBXGroup;
			children = (
			);
			path = Model;
			sourceTree = "<group>";
		};
		64EF423E1FFB946E00AAB7E1 /* View */ = {
			isa = PBXGroup;
			children = (
			);
			path = View;
			sourceTree = "<group>";
		};
		64EF423F1FFB946F00AAB7E1 /* Category */ = {
			isa = PBXGroup;
			children = (
				64EF42401FFB946F00AAB7E1 /* Controller */,
				64EF42411FFB946F00AAB7E1 /* Model */,
				64EF42421FFB946F00AAB7E1 /* View */,
			);
			path = Category;
			sourceTree = "<group>";
		};
		64EF42401FFB946F00AAB7E1 /* Controller */ = {
			isa = PBXGroup;
			children = (
				64CAAF331FFC6ABF0084DE0B /* CategoryController.h */,
				64CAAF341FFC6ABF0084DE0B /* CategoryController.m */,
			);
			path = Controller;
			sourceTree = "<group>";
		};
		64EF42411FFB946F00AAB7E1 /* Model */ = {
			isa = PBXGroup;
			children = (
			);
			path = Model;
			sourceTree = "<group>";
		};
		64EF42421FFB946F00AAB7E1 /* View */ = {
			isa = PBXGroup;
			children = (
			);
			path = View;
			sourceTree = "<group>";
		};
		64EF42431FFB946F00AAB7E1 /* CookBook */ = {
			isa = PBXGroup;
			children = (
				64EF42441FFB946F00AAB7E1 /* Controller */,
				64EF42451FFB946F00AAB7E1 /* Model */,
				64EF42461FFB946F00AAB7E1 /* View */,
			);
			path = CookBook;
			sourceTree = "<group>";
		};
		64EF42441FFB946F00AAB7E1 /* Controller */ = {
			isa = PBXGroup;
			children = (
				64CAAF2A1FFC6A9A0084DE0B /* CookBookController.h */,
				64CAAF2B1FFC6A9A0084DE0B /* CookBookController.m */,
			);
			path = Controller;
			sourceTree = "<group>";
		};
		64EF42451FFB946F00AAB7E1 /* Model */ = {
			isa = PBXGroup;
			children = (
			);
			path = Model;
			sourceTree = "<group>";
		};
		64EF42461FFB946F00AAB7E1 /* View */ = {
			isa = PBXGroup;
			children = (
			);
			path = View;
			sourceTree = "<group>";
		};
		64EF42471FFB946F00AAB7E1 /* Find */ = {
			isa = PBXGroup;
			children = (
				64EF42481FFB946F00AAB7E1 /* Controller */,
				64EF42491FFB946F00AAB7E1 /* Model */,
				64EF424A1FFB946F00AAB7E1 /* View */,
			);
			path = Find;
			sourceTree = "<group>";
		};
		64EF42481FFB946F00AAB7E1 /* Controller */ = {
			isa = PBXGroup;
			children = (
				64CAAF2D1FFC6AA90084DE0B /* FindController.h */,
				64CAAF2E1FFC6AA90084DE0B /* FindController.m */,
			);
			path = Controller;
			sourceTree = "<group>";
		};
		64EF42491FFB946F00AAB7E1 /* Model */ = {
			isa = PBXGroup;
			children = (
			);
			path = Model;
			sourceTree = "<group>";
		};
		64EF424A1FFB946F00AAB7E1 /* View */ = {
			isa = PBXGroup;
			children = (
			);
			path = View;
			sourceTree = "<group>";
		};
		6744D555C818A50A1E7AACB4 /* Pods */ = {
			isa = PBXGroup;
			children = (
				F6CA28C57F01E3BA268150C1 /* Pods-XueChu.debug.xcconfig */,
				E83CE7BAB80B7B2FE7DD94E8 /* Pods-XueChu.release.xcconfig */,
			);
			name = Pods;
			sourceTree = "<group>";
		};
		6A4C1FEACD7FAABB796E21D6 /* Frameworks */ = {
			isa = PBXGroup;
			children = (
				845964F6A271315D7718F4B3 /* Pods_XueChu.framework */,
			);
			name = Frameworks;
			sourceTree = "<group>";
		};
/* End PBXGroup section */

/* Begin PBXNativeTarget section */
		643980771FFB6789000B0EB3 /* XueChu */ = {
			isa = PBXNativeTarget;
			buildConfigurationList = 643980A41FFB6789000B0EB3 /* Build configuration list for PBXNativeTarget "XueChu" */;
			buildPhases = (
				833C3F5EA52A4990DADB53E7 /* [CP] Check Pods Manifest.lock */,
				643980741FFB6789000B0EB3 /* Sources */,
				643980751FFB6789000B0EB3 /* Frameworks */,
				643980761FFB6789000B0EB3 /* Resources */,
				191E4B5BDA85FAECB7EF535C /* [CP] Embed Pods Frameworks */,
				39D3A6411E2BE0BCC374B58A /* [CP] Copy Pods Resources */,
			);
			buildRules = (
			);
			dependencies = (
			);
			name = XueChu;
			productName = XueChu;
			productReference = 643980781FFB6789000B0EB3 /* XueChu.app */;
			productType = "com.apple.product-type.application";
		};
		6439808F1FFB6789000B0EB3 /* XueChuTests */ = {
			isa = PBXNativeTarget;
			buildConfigurationList = 643980A71FFB6789000B0EB3 /* Build configuration list for PBXNativeTarget "XueChuTests" */;
			buildPhases = (
				6439808C1FFB6789000B0EB3 /* Sources */,
				6439808D1FFB6789000B0EB3 /* Frameworks */,
				6439808E1FFB6789000B0EB3 /* Resources */,
			);
			buildRules = (
			);
			dependencies = (
				643980921FFB6789000B0EB3 /* PBXTargetDependency */,
			);
			name = XueChuTests;
			productName = XueChuTests;
			productReference = 643980901FFB6789000B0EB3 /* XueChuTests.xctest */;
			productType = "com.apple.product-type.bundle.unit-test";
		};
		6439809A1FFB6789000B0EB3 /* XueChuUITests */ = {
			isa = PBXNativeTarget;
			buildConfigurationList = 643980AA1FFB6789000B0EB3 /* Build configuration list for PBXNativeTarget "XueChuUITests" */;
			buildPhases = (
				643980971FFB6789000B0EB3 /* Sources */,
				643980981FFB6789000B0EB3 /* Frameworks */,
				643980991FFB6789000B0EB3 /* Resources */,
			);
			buildRules = (
			);
			dependencies = (
				6439809D1FFB6789000B0EB3 /* PBXTargetDependency */,
			);
			name = XueChuUITests;
			productName = XueChuUITests;
			productReference = 6439809B1FFB6789000B0EB3 /* XueChuUITests.xctest */;
			productType = "com.apple.product-type.bundle.ui-testing";
		};
/* End PBXNativeTarget section */

/* Begin PBXProject section */
		643980701FFB6789000B0EB3 /* Project object */ = {
			isa = PBXProject;
			attributes = {
				LastUpgradeCheck = 0920;
				ORGANIZATIONNAME = eddy;
				TargetAttributes = {
					643980771FFB6789000B0EB3 = {
						CreatedOnToolsVersion = 9.2;
						ProvisioningStyle = Manual;
					};
					6439808F1FFB6789000B0EB3 = {
						CreatedOnToolsVersion = 9.2;
						ProvisioningStyle = Automatic;
						TestTargetID = 643980771FFB6789000B0EB3;
					};
					6439809A1FFB6789000B0EB3 = {
						CreatedOnToolsVersion = 9.2;
						ProvisioningStyle = Automatic;
						TestTargetID = 643980771FFB6789000B0EB3;
					};
				};
			};
			buildConfigurationList = 643980731FFB6789000B0EB3 /* Build configuration list for PBXProject "XueChu" */;
			compatibilityVersion = "Xcode 8.0";
			developmentRegion = en;
			hasScannedForEncodings = 0;
			knownRegions = (
				en,
				Base,
			);
			mainGroup = 6439806F1FFB6789000B0EB3;
			productRefGroup = 643980791FFB6789000B0EB3 /* Products */;
			projectDirPath = "";
			projectRoot = "";
			targets = (
				643980771FFB6789000B0EB3 /* XueChu */,
				6439808F1FFB6789000B0EB3 /* XueChuTests */,
				6439809A1FFB6789000B0EB3 /* XueChuUITests */,
			);
		};
/* End PBXProject section */

/* Begin PBXResourcesBuildPhase section */
		643980761FFB6789000B0EB3 /* Resources */ = {
			isa = PBXResourcesBuildPhase;
			buildActionMask = 2147483647;
			files = (
				64173F331FFB7E9A00DA388E /* Release.xcconfig in Resources */,
				64173F311FFB7E9A00DA388E /* Debug.xcconfig in Resources */,
				64173F321FFB7E9A00DA388E /* Generator.xcconfig in Resources */,
				643980851FFB6789000B0EB3 /* Assets.xcassets in Resources */,
			);
			runOnlyForDeploymentPostprocessing = 0;
		};
		6439808E1FFB6789000B0EB3 /* Resources */ = {
			isa = PBXResourcesBuildPhase;
			buildActionMask = 2147483647;
			files = (
			);
			runOnlyForDeploymentPostprocessing = 0;
		};
		643980991FFB6789000B0EB3 /* Resources */ = {
			isa = PBXResourcesBuildPhase;
			buildActionMask = 2147483647;
			files = (
			);
			runOnlyForDeploymentPostprocessing = 0;
		};
/* End PBXResourcesBuildPhase section */

/* Begin PBXShellScriptBuildPhase section */
		191E4B5BDA85FAECB7EF535C /* [CP] Embed Pods Frameworks */ = {
			isa = PBXShellScriptBuildPhase;
			buildActionMask = 2147483647;
			files = (
			);
			inputPaths = (
				"${SRCROOT}/Pods/Target Support Files/Pods-XueChu/Pods-XueChu-frameworks.sh",
				"${BUILT_PRODUCTS_DIR}/AFNetworking/AFNetworking.framework",
				"${BUILT_PRODUCTS_DIR}/IQKeyboardManager/IQKeyboardManager.framework",
				"${BUILT_PRODUCTS_DIR}/MBProgressHUD/MBProgressHUD.framework",
				"${BUILT_PRODUCTS_DIR}/MJExtension/MJExtension.framework",
				"${BUILT_PRODUCTS_DIR}/MJRefresh/MJRefresh.framework",
				"${BUILT_PRODUCTS_DIR}/Masonry/Masonry.framework",
				"${BUILT_PRODUCTS_DIR}/RDVTabBarController/RDVTabBarController.framework",
				"${BUILT_PRODUCTS_DIR}/SDWebImage/SDWebImage.framework",
				"${BUILT_PRODUCTS_DIR}/UITableView+FDTemplateLayoutCell/UITableView_FDTemplateLayoutCell.framework",
			);
			name = "[CP] Embed Pods Frameworks";
			outputPaths = (
				"${TARGET_BUILD_DIR}/${FRAMEWORKS_FOLDER_PATH}/AFNetworking.framework",
				"${TARGET_BUILD_DIR}/${FRAMEWORKS_FOLDER_PATH}/IQKeyboardManager.framework",
				"${TARGET_BUILD_DIR}/${FRAMEWORKS_FOLDER_PATH}/MBProgressHUD.framework",
				"${TARGET_BUILD_DIR}/${FRAMEWORKS_FOLDER_PATH}/MJExtension.framework",
				"${TARGET_BUILD_DIR}/${FRAMEWORKS_FOLDER_PATH}/MJRefresh.framework",
				"${TARGET_BUILD_DIR}/${FRAMEWORKS_FOLDER_PATH}/Masonry.framework",
				"${TARGET_BUILD_DIR}/${FRAMEWORKS_FOLDER_PATH}/RDVTabBarController.framework",
				"${TARGET_BUILD_DIR}/${FRAMEWORKS_FOLDER_PATH}/SDWebImage.framework",
				"${TARGET_BUILD_DIR}/${FRAMEWORKS_FOLDER_PATH}/UITableView_FDTemplateLayoutCell.framework",
			);
			runOnlyForDeploymentPostprocessing = 0;
			shellPath = /bin/sh;
			shellScript = "\"${SRCROOT}/Pods/Target Support Files/Pods-XueChu/Pods-XueChu-frameworks.sh\"\n";
			showEnvVarsInLog = 0;
		};
		39D3A6411E2BE0BCC374B58A /* [CP] Copy Pods Resources */ = {
			isa = PBXShellScriptBuildPhase;
			buildActionMask = 2147483647;
			files = (
			);
			inputPaths = (
			);
			name = "[CP] Copy Pods Resources";
			outputPaths = (
			);
			runOnlyForDeploymentPostprocessing = 0;
			shellPath = /bin/sh;
			shellScript = "\"${SRCROOT}/Pods/Target Support Files/Pods-XueChu/Pods-XueChu-resources.sh\"\n";
			showEnvVarsInLog = 0;
		};
		833C3F5EA52A4990DADB53E7 /* [CP] Check Pods Manifest.lock */ = {
			isa = PBXShellScriptBuildPhase;
			buildActionMask = 2147483647;
			files = (
			);
			inputPaths = (
				"${PODS_PODFILE_DIR_PATH}/Podfile.lock",
				"${PODS_ROOT}/Manifest.lock",
			);
			name = "[CP] Check Pods Manifest.lock";
			outputPaths = (
				"$(DERIVED_FILE_DIR)/Pods-XueChu-checkManifestLockResult.txt",
			);
			runOnlyForDeploymentPostprocessing = 0;
			shellPath = /bin/sh;
			shellScript = "diff \"${PODS_PODFILE_DIR_PATH}/Podfile.lock\" \"${PODS_ROOT}/Manifest.lock\" > /dev/null\nif [ $? != 0 ] ; then\n    # print error to STDERR\n    echo \"error: The sandbox is not in sync with the Podfile.lock. Run 'pod install' or update your CocoaPods installation.\" >&2\n    exit 1\nfi\n# This output is used by Xcode 'outputs' to avoid re-running this script phase.\necho \"SUCCESS\" > \"${SCRIPT_OUTPUT_FILE_0}\"\n";
			showEnvVarsInLog = 0;
		};
/* End PBXShellScriptBuildPhase section */

/* Begin PBXSourcesBuildPhase section */
		643980741FFB6789000B0EB3 /* Sources */ = {
			isa = PBXSourcesBuildPhase;
			buildActionMask = 2147483647;
			files = (
				64CAAF5F1FFC79310084DE0B /* NotificationNameDefine.m in Sources */,
				64CAAF651FFC79310084DE0B /* UIImage+Extra.m in Sources */,
				64CAAF321FFC6AB40084DE0B /* MineController.m in Sources */,
				64789ED01FFCAE24007B6FF6 /* LoginMainView.m in Sources */,
				64CAAF5B1FFC79310084DE0B /* NSDate+Extra.m in Sources */,
				64CAAF601FFC79310084DE0B /* NSString+Util.m in Sources */,
				64CAAF5D1FFC79310084DE0B /* NSString+Extra.m in Sources */,
				64CAAF671FFC79310084DE0B /* UIView+Extra.m in Sources */,
				64EF42341FFB935500AAB7E1 /* BaseTableView.m in Sources */,
				64CAAF261FFC68CE0084DE0B /* BaseNavigationController.m in Sources */,
				64173F1E1FFB6AE800DA388E /* AppDelegate.m in Sources */,
				64CAAF681FFC79310084DE0B /* UIView+Utils.m in Sources */,
				64CAAF291FFC6A640084DE0B /* CustomTaBarController.m in Sources */,
				64CAAF661FFC79310084DE0B /* UITextView+Placeholder.m in Sources */,
				64CAAF351FFC6ABF0084DE0B /* CategoryController.m in Sources */,
				64CAAF2F1FFC6AA90084DE0B /* FindController.m in Sources */,
				64EF42311FFB933F00AAB7E1 /* BaseView.m in Sources */,
				64EF422B1FFB928600AAB7E1 /* BaseController.m in Sources */,
				64CAAF641FFC79310084DE0B /* UIColor+Extra.m in Sources */,
				64CAAF6E1FFC7B000084DE0B /* BaseModel.m in Sources */,
				64789ECD1FFCAB56007B6FF6 /* LoginController.m in Sources */,
				64CAAF5A1FFC79310084DE0B /* CustomTextAttachment.m in Sources */,
				64CAAF5C1FFC79310084DE0B /* NSDictionary+Extra.m in Sources */,
				64EF423A1FFB939A00AAB7E1 /* BaseTableViewCell.m in Sources */,
				64CAAF2C1FFC6A9A0084DE0B /* CookBookController.m in Sources */,
				64789ECA1FFCA69D007B6FF6 /* NetWorkEngine.m in Sources */,
				6439808B1FFB6789000B0EB3 /* main.m in Sources */,
			);
			runOnlyForDeploymentPostprocessing = 0;
		};
		6439808C1FFB6789000B0EB3 /* Sources */ = {
			isa = PBXSourcesBuildPhase;
			buildActionMask = 2147483647;
			files = (
				643980951FFB6789000B0EB3 /* XueChuTests.m in Sources */,
			);
			runOnlyForDeploymentPostprocessing = 0;
		};
		643980971FFB6789000B0EB3 /* Sources */ = {
			isa = PBXSourcesBuildPhase;
			buildActionMask = 2147483647;
			files = (
				643980A01FFB6789000B0EB3 /* XueChuUITests.m in Sources */,
			);
			runOnlyForDeploymentPostprocessing = 0;
		};
/* End PBXSourcesBuildPhase section */

/* Begin PBXTargetDependency section */
		643980921FFB6789000B0EB3 /* PBXTargetDependency */ = {
			isa = PBXTargetDependency;
			target = 643980771FFB6789000B0EB3 /* XueChu */;
			targetProxy = 643980911FFB6789000B0EB3 /* PBXContainerItemProxy */;
		};
		6439809D1FFB6789000B0EB3 /* PBXTargetDependency */ = {
			isa = PBXTargetDependency;
			target = 643980771FFB6789000B0EB3 /* XueChu */;
			targetProxy = 6439809C1FFB6789000B0EB3 /* PBXContainerItemProxy */;
		};
/* End PBXTargetDependency section */

/* Begin XCBuildConfiguration section */
		64173F251FFB7C4900DA388E /* Debug */ = {
			isa = XCBuildConfiguration;
			buildSettings = {
				ALWAYS_SEARCH_USER_PATHS = NO;
				CLANG_ANALYZER_NONNULL = YES;
				CLANG_ANALYZER_NUMBER_OBJECT_CONVERSION = YES_AGGRESSIVE;
				CLANG_CXX_LANGUAGE_STANDARD = "gnu++14";
				CLANG_CXX_LIBRARY = "libc++";
				CLANG_ENABLE_MODULES = YES;
				CLANG_ENABLE_OBJC_ARC = YES;
				CLANG_WARN_BLOCK_CAPTURE_AUTORELEASING = YES;
				CLANG_WARN_BOOL_CONVERSION = YES;
				CLANG_WARN_COMMA = YES;
				CLANG_WARN_CONSTANT_CONVERSION = YES;
				CLANG_WARN_DIRECT_OBJC_ISA_USAGE = YES_ERROR;
				CLANG_WARN_DOCUMENTATION_COMMENTS = YES;
				CLANG_WARN_EMPTY_BODY = YES;
				CLANG_WARN_ENUM_CONVERSION = YES;
				CLANG_WARN_INFINITE_RECURSION = YES;
				CLANG_WARN_INT_CONVERSION = YES;
				CLANG_WARN_NON_LITERAL_NULL_CONVERSION = YES;
				CLANG_WARN_OBJC_LITERAL_CONVERSION = YES;
				CLANG_WARN_OBJC_ROOT_CLASS = YES_ERROR;
				CLANG_WARN_RANGE_LOOP_ANALYSIS = YES;
				CLANG_WARN_STRICT_PROTOTYPES = YES;
				CLANG_WARN_SUSPICIOUS_MOVE = YES;
				CLANG_WARN_UNGUARDED_AVAILABILITY = YES_AGGRESSIVE;
				CLANG_WARN_UNREACHABLE_CODE = YES;
				CLANG_WARN__DUPLICATE_METHOD_MATCH = YES;
				CODE_SIGN_IDENTITY = "iPhone Developer";
				COPY_PHASE_STRIP = NO;
				CustomAppBundleId = XueChuRelease;
				CustomProductName = "正式环境";
				DEBUG_INFORMATION_FORMAT = "dwarf-with-dsym";
				ENABLE_NS_ASSERTIONS = NO;
				ENABLE_STRICT_OBJC_MSGSEND = YES;
				GCC_C_LANGUAGE_STANDARD = gnu11;
				GCC_NO_COMMON_BLOCKS = YES;
				GCC_WARN_64_TO_32_BIT_CONVERSION = YES;
				GCC_WARN_ABOUT_RETURN_TYPE = YES_ERROR;
				GCC_WARN_UNDECLARED_SELECTOR = YES;
				GCC_WARN_UNINITIALIZED_AUTOS = YES_AGGRESSIVE;
				GCC_WARN_UNUSED_FUNCTION = YES;
				GCC_WARN_UNUSED_VARIABLE = YES;
				IPHONEOS_DEPLOYMENT_TARGET = 11.2;
				MTL_ENABLE_DEBUG_INFO = NO;
				SDKROOT = iphoneos;
				VALIDATE_PRODUCT = YES;
			};
			name = Debug;
		};
		64173F261FFB7C4900DA388E /* Debug */ = {
			isa = XCBuildConfiguration;
			baseConfigurationReference = 64173F2E1FFB7E9A00DA388E /* Debug.xcconfig */;
			buildSettings = {
				ASSETCATALOG_COMPILER_APPICON_NAME = AppIcon;
				ASSETCATALOG_COMPILER_LAUNCHIMAGE_NAME = LaunchImage;
				CODE_SIGN_STYLE = Manual;
				CustomProductName = "开发环境";
				DEVELOPMENT_TEAM = "";
				GCC_PRECOMPILE_PREFIX_HEADER = YES;
				GCC_PREFIX_HEADER = XueChu/Module/PrefixHeader.pch;
				INFOPLIST_FILE = XueChu/Info.plist;
				LD_RUNPATH_SEARCH_PATHS = "$(inherited) @executable_path/Frameworks";
				PRODUCT_BUNDLE_IDENTIFIER = com.kf.www.XueChu;
				PRODUCT_NAME = "$(TARGET_NAME)";
				PROVISIONING_PROFILE_SPECIFIER = "";
				TARGETED_DEVICE_FAMILY = 1;
			};
			name = Debug;
		};
		64173F271FFB7C4900DA388E /* Debug */ = {
			isa = XCBuildConfiguration;
			baseConfigurationReference = 64173F2E1FFB7E9A00DA388E /* Debug.xcconfig */;
			buildSettings = {
				BUNDLE_LOADER = "$(TEST_HOST)";
				CODE_SIGN_STYLE = Automatic;
				INFOPLIST_FILE = XueChuTests/Info.plist;
				LD_RUNPATH_SEARCH_PATHS = "$(inherited) @executable_path/Frameworks @loader_path/Frameworks";
				PRODUCT_BUNDLE_IDENTIFIER = com.kf.www.XueChuTests;
				PRODUCT_NAME = "$(TARGET_NAME)";
				TARGETED_DEVICE_FAMILY = "1,2";
				TEST_HOST = "$(BUILT_PRODUCTS_DIR)/XueChu.app/XueChu";
			};
			name = Debug;
		};
		64173F281FFB7C4900DA388E /* Debug */ = {
			isa = XCBuildConfiguration;
			baseConfigurationReference = 64173F2E1FFB7E9A00DA388E /* Debug.xcconfig */;
			buildSettings = {
				CODE_SIGN_STYLE = Automatic;
				INFOPLIST_FILE = XueChuUITests/Info.plist;
				LD_RUNPATH_SEARCH_PATHS = "$(inherited) @executable_path/Frameworks @loader_path/Frameworks";
				PRODUCT_BUNDLE_IDENTIFIER = com.kf.www.XueChuUITests;
				PRODUCT_NAME = "$(TARGET_NAME)";
				TARGETED_DEVICE_FAMILY = "1,2";
				TEST_TARGET_NAME = XueChu;
			};
			name = Debug;
		};
		64173F291FFB7C5200DA388E /* Release */ = {
			isa = XCBuildConfiguration;
			buildSettings = {
				ALWAYS_SEARCH_USER_PATHS = NO;
				CLANG_ANALYZER_NONNULL = YES;
				CLANG_ANALYZER_NUMBER_OBJECT_CONVERSION = YES_AGGRESSIVE;
				CLANG_CXX_LANGUAGE_STANDARD = "gnu++14";
				CLANG_CXX_LIBRARY = "libc++";
				CLANG_ENABLE_MODULES = YES;
				CLANG_ENABLE_OBJC_ARC = YES;
				CLANG_WARN_BLOCK_CAPTURE_AUTORELEASING = YES;
				CLANG_WARN_BOOL_CONVERSION = YES;
				CLANG_WARN_COMMA = YES;
				CLANG_WARN_CONSTANT_CONVERSION = YES;
				CLANG_WARN_DIRECT_OBJC_ISA_USAGE = YES_ERROR;
				CLANG_WARN_DOCUMENTATION_COMMENTS = YES;
				CLANG_WARN_EMPTY_BODY = YES;
				CLANG_WARN_ENUM_CONVERSION = YES;
				CLANG_WARN_INFINITE_RECURSION = YES;
				CLANG_WARN_INT_CONVERSION = YES;
				CLANG_WARN_NON_LITERAL_NULL_CONVERSION = YES;
				CLANG_WARN_OBJC_LITERAL_CONVERSION = YES;
				CLANG_WARN_OBJC_ROOT_CLASS = YES_ERROR;
				CLANG_WARN_RANGE_LOOP_ANALYSIS = YES;
				CLANG_WARN_STRICT_PROTOTYPES = YES;
				CLANG_WARN_SUSPICIOUS_MOVE = YES;
				CLANG_WARN_UNGUARDED_AVAILABILITY = YES_AGGRESSIVE;
				CLANG_WARN_UNREACHABLE_CODE = YES;
				CLANG_WARN__DUPLICATE_METHOD_MATCH = YES;
				CODE_SIGN_IDENTITY = "iPhone Developer";
				COPY_PHASE_STRIP = NO;
				CustomAppBundleId = XueChuRelease;
				CustomProductName = "正式环境";
				DEBUG_INFORMATION_FORMAT = "dwarf-with-dsym";
				ENABLE_NS_ASSERTIONS = NO;
				ENABLE_STRICT_OBJC_MSGSEND = YES;
				GCC_C_LANGUAGE_STANDARD = gnu11;
				GCC_NO_COMMON_BLOCKS = YES;
				GCC_WARN_64_TO_32_BIT_CONVERSION = YES;
				GCC_WARN_ABOUT_RETURN_TYPE = YES_ERROR;
				GCC_WARN_UNDECLARED_SELECTOR = YES;
				GCC_WARN_UNINITIALIZED_AUTOS = YES_AGGRESSIVE;
				GCC_WARN_UNUSED_FUNCTION = YES;
				GCC_WARN_UNUSED_VARIABLE = YES;
				IPHONEOS_DEPLOYMENT_TARGET = 11.2;
				MTL_ENABLE_DEBUG_INFO = NO;
				SDKROOT = iphoneos;
				VALIDATE_PRODUCT = YES;
			};
			name = Release;
		};
		64173F2A1FFB7C5200DA388E /* Release */ = {
			isa = XCBuildConfiguration;
			baseConfigurationReference = 64173F301FFB7E9A00DA388E /* Release.xcconfig */;
			buildSettings = {
				ASSETCATALOG_COMPILER_APPICON_NAME = AppIcon;
				ASSETCATALOG_COMPILER_LAUNCHIMAGE_NAME = LaunchImage;
				CODE_SIGN_STYLE = Manual;
				DEVELOPMENT_TEAM = "";
				GCC_PRECOMPILE_PREFIX_HEADER = YES;
				GCC_PREFIX_HEADER = XueChu/Module/PrefixHeader.pch;
				INFOPLIST_FILE = XueChu/Info.plist;
				LD_RUNPATH_SEARCH_PATHS = "$(inherited) @executable_path/Frameworks";
				PRODUCT_BUNDLE_IDENTIFIER = com.kf.www.XueChu;
				PRODUCT_NAME = "$(TARGET_NAME)";
				PROVISIONING_PROFILE_SPECIFIER = "";
				TARGETED_DEVICE_FAMILY = 1;
			};
			name = Release;
		};
		64173F2B1FFB7C5200DA388E /* Release */ = {
			isa = XCBuildConfiguration;
			baseConfigurationReference = 64173F301FFB7E9A00DA388E /* Release.xcconfig */;
			buildSettings = {
				BUNDLE_LOADER = "$(TEST_HOST)";
				CODE_SIGN_STYLE = Automatic;
				INFOPLIST_FILE = XueChuTests/Info.plist;
				LD_RUNPATH_SEARCH_PATHS = "$(inherited) @executable_path/Frameworks @loader_path/Frameworks";
				PRODUCT_BUNDLE_IDENTIFIER = com.kf.www.XueChuTests;
				PRODUCT_NAME = "$(TARGET_NAME)";
				TARGETED_DEVICE_FAMILY = "1,2";
				TEST_HOST = "$(BUILT_PRODUCTS_DIR)/XueChu.app/XueChu";
			};
			name = Release;
		};
		64173F2C1FFB7C5200DA388E /* Release */ = {
			isa = XCBuildConfiguration;
			baseConfigurationReference = 64173F301FFB7E9A00DA388E /* Release.xcconfig */;
			buildSettings = {
				CODE_SIGN_STYLE = Automatic;
				INFOPLIST_FILE = XueChuUITests/Info.plist;
				LD_RUNPATH_SEARCH_PATHS = "$(inherited) @executable_path/Frameworks @loader_path/Frameworks";
				PRODUCT_BUNDLE_IDENTIFIER = com.kf.www.XueChuUITests;
				PRODUCT_NAME = "$(TARGET_NAME)";
				TARGETED_DEVICE_FAMILY = "1,2";
				TEST_TARGET_NAME = XueChu;
			};
			name = Release;
		};
/* End XCBuildConfiguration section */

/* Begin XCConfigurationList section */
		643980731FFB6789000B0EB3 /* Build configuration list for PBXProject "XueChu" */ = {
			isa = XCConfigurationList;
			buildConfigurations = (
				64173F251FFB7C4900DA388E /* Debug */,
				64173F291FFB7C5200DA388E /* Release */,
			);
			defaultConfigurationIsVisible = 0;
			defaultConfigurationName = Debug;
		};
		643980A41FFB6789000B0EB3 /* Build configuration list for PBXNativeTarget "XueChu" */ = {
			isa = XCConfigurationList;
			buildConfigurations = (
				64173F261FFB7C4900DA388E /* Debug */,
				64173F2A1FFB7C5200DA388E /* Release */,
			);
			defaultConfigurationIsVisible = 0;
			defaultConfigurationName = Debug;
		};
		643980A71FFB6789000B0EB3 /* Build configuration list for PBXNativeTarget "XueChuTests" */ = {
			isa = XCConfigurationList;
			buildConfigurations = (
				64173F271FFB7C4900DA388E /* Debug */,
				64173F2B1FFB7C5200DA388E /* Release */,
			);
			defaultConfigurationIsVisible = 0;
			defaultConfigurationName = Debug;
		};
		643980AA1FFB6789000B0EB3 /* Build configuration list for PBXNativeTarget "XueChuUITests" */ = {
			isa = XCConfigurationList;
			buildConfigurations = (
				64173F281FFB7C4900DA388E /* Debug */,
				64173F2C1FFB7C5200DA388E /* Release */,
			);
			defaultConfigurationIsVisible = 0;
			defaultConfigurationName = Debug;
		};
/* End XCConfigurationList section */
	};
	rootObject = 643980701FFB6789000B0EB3 /* Project object */;
}
